
Microsoft Visual Studio Solution File, Format Version 12.00
# Visual Studio Version 17
VisualStudioVersion = 17.4.33213.308
MinimumVisualStudioVersion = 10.0.40219.1
Project("{FAE04EC0-301F-11D3-BF4B-00C04F79EFBC}") = "seçilen-işlemi-yaptırma", "seçilen-işlemi-yaptırma.csproj", "{4326BA57-55A7-4893-BF6F-BA706C3B339A}"
EndProject
Global
	GlobalSection(SolutionConfigurationPlatforms) = preSolution
		Debug|Any CPU = Debug|Any CPU
		Release|Any CPU = Release|Any CPU
	EndGlobalSection
	GlobalSection(ProjectConfigurationPlatforms) = postSolution
		{4326BA57-55A7-4893-BF6F-BA706C3B339A}.Debug|Any CPU.ActiveCfg = Debug|Any CPU
		{4326BA57-55A7-4893-BF6F-BA706C3B339A}.Debug|Any CPU.Build.0 = Debug|Any CPU
		{4326BA57-55A7-4893-BF6F-BA706C3B339A}.Release|Any CPU.ActiveCfg = Release|Any CPU
		{4326BA57-55A7-4893-BF6F-BA706C3B339A}.Release|Any CPU.Build.0 = Release|Any CPU
	EndGlobalSection
	GlobalSection(SolutionProperties) = preSolution
		HideSolutionNode = FALSE
	EndGlobalSection
	GlobalSection(ExtensibilityGlobals) = postSolution
		SolutionGuid = {0BDCF129-6817-4FDA-8BF0-C50A82A037ED}
	EndGlobalSection
EndGlobal
